# This file is autogenerated, do not edit; changes may be undone by the next 'dep ensure'.


[[projects]]
  digest = "1:dfa8458da99855b0f0e13f580e6107b46311db15dc7f76cb80c131b937f7f8aa"
  name = "github.com/weaveworks/mesh"
  packages = ["."]
  pruneopts = "UT"
  revision = "58dbcc3e8e63eed7dd77f3a6286855ae8c8876c1"
  version = "v0.4"

[[projects]]
  branch = "master"
  digest = "1:de6757cb0048d0239741c03c740fc9669338b98177c94bc8b5c7bbb9ae1e9a80"
  name = "golang.org/x/crypto"
  packages = [
    "blake2b",
    "curve25519",
    "curve25519/internal/field",
    "internal/subtle",
    "nacl/box",
    "nacl/secretbox",
    "poly1305",
    "salsa20/salsa",
  ]
  pruneopts = "UT"
  revision = "a769d52b0f97a420f3dcafc17f8b3384217859a2"

[[projects]]
  branch = "master"
  digest = "1:a0454ecd08f7082ac2ea57b41548351feaf3e6f29dc36fb2aaed0a04bdc1f30d"
  name = "golang.org/x/sys"
  packages = ["cpu"]
  pruneopts = "UT"
  revision = "0f9fa26af87c481a6877a4ca1330699ba9a30673"

[solve-meta]
  analyzer-name = "dep"
  analyzer-version = 1
  input-imports = ["github.com/weaveworks/mesh"]
  solver-name = "gps-cdcl"
  solver-version = 1
